
Microsoft Visual Studio Solution File, Format Version 12.00
# Visual Studio 15
VisualStudioVersion = 15.0.28307.705
MinimumVisualStudioVersion = 10.0.40219.1
Project("{FAE04EC0-301F-11D3-BF4B-00C04F79EFBC}") = "Gewen_AdditionalTraits", "Gewen_AdditionalTraits.csproj", "{EBCF0F0D-EEF9-4B01-97BE-3D0C799C3227}"
EndProject
Global
	GlobalSection(SolutionConfigurationPlatforms) = preSolution
		Debug|Any CPU = Debug|Any CPU
		Release|Any CPU = Release|Any CPU
	EndGlobalSection
	GlobalSection(ProjectConfigurationPlatforms) = postSolution
		{EBCF0F0D-EEF9-4B01-97BE-3D0C799C3227}.Debug|Any CPU.ActiveCfg = Debug|Any CPU
		{EBCF0F0D-EEF9-4B01-97BE-3D0C799C3227}.Debug|Any CPU.Build.0 = Debug|Any CPU
		{EBCF0F0D-EEF9-4B01-97BE-3D0C799C3227}.Release|Any CPU.ActiveCfg = Release|Any CPU
		{EBCF0F0D-EEF9-4B01-97BE-3D0C799C3227}.Release|Any CPU.Build.0 = Release|Any CPU
	EndGlobalSection
	GlobalSection(SolutionProperties) = preSolution
		HideSolutionNode = FALSE
	EndGlobalSection
	GlobalSection(ExtensibilityGlobals) = postSolution
		SolutionGuid = {BEB19F91-0940-4312-817D-37E01C2E83C4}
	EndGlobalSection
EndGlobal
