
Microsoft Visual Studio Solution File, Format Version 12.00
# Visual Studio 15
VisualStudioVersion = 15.0.28307.757
MinimumVisualStudioVersion = 10.0.40219.1
Project("{FAE04EC0-301F-11D3-BF4B-00C04F79EFBC}") = "LuluDropAll", "LuluDropAll\LuluDropAll.csproj", "{9B246A24-F9A9-489A-A781-08FD5DF3BDC6}"
EndProject
Global
	GlobalSection(SolutionConfigurationPlatforms) = preSolution
		Debug|Any CPU = Debug|Any CPU
		Release|Any CPU = Release|Any CPU
	EndGlobalSection
	GlobalSection(ProjectConfigurationPlatforms) = postSolution
		{9B246A24-F9A9-489A-A781-08FD5DF3BDC6}.Debug|Any CPU.ActiveCfg = Debug|Any CPU
		{9B246A24-F9A9-489A-A781-08FD5DF3BDC6}.Debug|Any CPU.Build.0 = Debug|Any CPU
		{9B246A24-F9A9-489A-A781-08FD5DF3BDC6}.Release|Any CPU.ActiveCfg = Release|Any CPU
		{9B246A24-F9A9-489A-A781-08FD5DF3BDC6}.Release|Any CPU.Build.0 = Release|Any CPU
	EndGlobalSection
	GlobalSection(SolutionProperties) = preSolution
		HideSolutionNode = FALSE
	EndGlobalSection
	GlobalSection(ExtensibilityGlobals) = postSolution
		SolutionGuid = {B488ABA6-BF57-4920-96A4-747F8A304753}
	EndGlobalSection
EndGlobal
